
Microsoft Visual Studio Solution File, Format Version 12.00
# Visual Studio Version 16
VisualStudioVersion = 16.0.30114.105
MinimumVisualStudioVersion = 10.0.40219.1
Project("{FAE04EC0-301F-11D3-BF4B-00C04F79EFBC}") = "WindowsProjekt", "WindowsProjekt.csproj", "{D941E082-FF0D-40F0-8245-9C869ED32759}"
EndProject
Global
	GlobalSection(SolutionConfigurationPlatforms) = preSolution
		Debug|Any CPU = Debug|Any CPU
		Release|Any CPU = Release|Any CPU
	EndGlobalSection
	GlobalSection(ProjectConfigurationPlatforms) = postSolution
		{D941E082-FF0D-40F0-8245-9C869ED32759}.Debug|Any CPU.ActiveCfg = Debug|Any CPU
		{D941E082-FF0D-40F0-8245-9C869ED32759}.Debug|Any CPU.Build.0 = Debug|Any CPU
		{D941E082-FF0D-40F0-8245-9C869ED32759}.Release|Any CPU.ActiveCfg = Release|Any CPU
		{D941E082-FF0D-40F0-8245-9C869ED32759}.Release|Any CPU.Build.0 = Release|Any CPU
	EndGlobalSection
	GlobalSection(SolutionProperties) = preSolution
		HideSolutionNode = FALSE
	EndGlobalSection
	GlobalSection(ExtensibilityGlobals) = postSolution
		SolutionGuid = {42A560FD-66A3-48AA-9847-0058F0639CF1}
	EndGlobalSection
EndGlobal
